// !$*UTF8*$!
{
	archiveVersion = 1;
	classes = {
	};
	objectVersion = 48;
	objects = {

/* Begin PBXBuildFile section */
		0F518B0921411AEB00F54B6D /* AppDelegate.swift in Sources */ = {isa = PBXBuildFile; fileRef = 0F518B0821411AEB00F54B6D /* AppDelegate.swift */; };
		0F518B0B21411AEB00F54B6D /* ViewController.swift in Sources */ = {isa = PBXBuildFile; fileRef = 0F518B0A21411AEB00F54B6D /* ViewController.swift */; };
		0F518B0E21411AEB00F54B6D /* Main.storyboard in Resources */ = {isa = PBXBuildFile; fileRef = 0F518B0C21411AEB00F54B6D /* Main.storyboard */; };
		0F518B1021411AEE00F54B6D /* Assets.xcassets in Resources */ = {isa = PBXBuildFile; fileRef = 0F518B0F21411AEE00F54B6D /* Assets.xcassets */; };
		0F518B1321411AEE00F54B6D /* LaunchScreen.storyboard in Resources */ = {isa = PBXBuildFile; fileRef = 0F518B1121411AEE00F54B6D /* LaunchScreen.storyboard */; };
		0F518B1E21411AEE00F54B6D /* IBankerSwiftTests.swift in Sources */ = {isa = PBXBuildFile; fileRef = 0F518B1D21411AEE00F54B6D /* IBankerSwiftTests.swift */; };
		0F518B2921411AEE00F54B6D /* IBankerSwiftUITests.swift in Sources */ = {isa = PBXBuildFile; fileRef = 0F518B2821411AEE00F54B6D /* IBankerSwiftUITests.swift */; };
		0F518B3921411C8200F54B6D /* BaseViewController.swift in Sources */ = {isa = PBXBuildFile; fileRef = 0F518B3821411C8200F54B6D /* BaseViewController.swift */; };
		0F518B3D21411CD900F54B6D /* RootTabBarController.swift in Sources */ = {isa = PBXBuildFile; fileRef = 0F518B3C21411CD900F54B6D /* RootTabBarController.swift */; };
		0F518B3F21411DED00F54B6D /* BaseNavigationController.swift in Sources */ = {isa = PBXBuildFile; fileRef = 0F518B3E21411DED00F54B6D /* BaseNavigationController.swift */; };
		0F518B4221411F9500F54B6D /* ProductViewController.swift in Sources */ = {isa = PBXBuildFile; fileRef = 0F518B4121411F9500F54B6D /* ProductViewController.swift */; };
		0F518B4521411FB000F54B6D /* IbankerViewController.swift in Sources */ = {isa = PBXBuildFile; fileRef = 0F518B4421411FB000F54B6D /* IbankerViewController.swift */; };
		0F518B4821411FC900F54B6D /* MyViewController.swift in Sources */ = {isa = PBXBuildFile; fileRef = 0F518B4721411FC900F54B6D /* MyViewController.swift */; };
		0F518B4B2141201D00F54B6D /* IMViewController.swift in Sources */ = {isa = PBXBuildFile; fileRef = 0F518B4A2141201D00F54B6D /* IMViewController.swift */; };
		0F518B7721412B8B00F54B6D /* Common.swift in Sources */ = {isa = PBXBuildFile; fileRef = 0F518B7621412B8B00F54B6D /* Common.swift */; };
		0F518B79214249FA00F54B6D /* Prefix.swift in Sources */ = {isa = PBXBuildFile; fileRef = 0F518B78214249FA00F54B6D /* Prefix.swift */; };
		0F518B7C214261C300F54B6D /* BaseModel.swift in Sources */ = {isa = PBXBuildFile; fileRef = 0F518B7B214261C300F54B6D /* BaseModel.swift */; };
		0F518B7F214261FB00F54B6D /* ProductLibraryModel.swift in Sources */ = {isa = PBXBuildFile; fileRef = 0F518B7E214261FB00F54B6D /* ProductLibraryModel.swift */; };
		0F518B822142637900F54B6D /* ProductTableViewCell.swift in Sources */ = {isa = PBXBuildFile; fileRef = 0F518B812142637900F54B6D /* ProductTableViewCell.swift */; };
		0F518B882145FCEA00F54B6D /* RequestManagerTemp.swift in Sources */ = {isa = PBXBuildFile; fileRef = 0F518B872145FCEA00F54B6D /* RequestManagerTemp.swift */; };
		0F518B8C2146451300F54B6D /* JsonHandle.swift in Sources */ = {isa = PBXBuildFile; fileRef = 0F518B8B2146451300F54B6D /* JsonHandle.swift */; };
		0F518B9021479B9F00F54B6D /* IBRefreshHeader.swift in Sources */ = {isa = PBXBuildFile; fileRef = 0F518B8F21479B9F00F54B6D /* IBRefreshHeader.swift */; };
		0F518B962147AB8600F54B6D /* LoadingView.swift in Sources */ = {isa = PBXBuildFile; fileRef = 0F518B952147AB8600F54B6D /* LoadingView.swift */; };
		0F518B9B21489A0E00F54B6D /* UINavigationController+FDFullscreenPopGesture.m in Sources */ = {isa = PBXBuildFile; fileRef = 0F518B9A21489A0E00F54B6D /* UINavigationController+FDFullscreenPopGesture.m */; };
		0F518B9F2148A4A300F54B6D /* IbankerTableModel.swift in Sources */ = {isa = PBXBuildFile; fileRef = 0F518B9E2148A4A300F54B6D /* IbankerTableModel.swift */; };
		0F518BA32148A72400F54B6D /* IbankerRecommendCollectionViewCell.swift in Sources */ = {isa = PBXBuildFile; fileRef = 0F518BA22148A72400F54B6D /* IbankerRecommendCollectionViewCell.swift */; };
		0F518BA52148B23500F54B6D /* IbankerRecommendTableViewCell.swift in Sources */ = {isa = PBXBuildFile; fileRef = 0F518BA42148B23500F54B6D /* IbankerRecommendTableViewCell.swift */; };
		0F518BA72148D63F00F54B6D /* IbankerNormalTableViewCell.swift in Sources */ = {isa = PBXBuildFile; fileRef = 0F518BA62148D63F00F54B6D /* IbankerNormalTableViewCell.swift */; };
		0F518BA92148D6B200F54B6D /* IbankerNormalCollectionViewCell.swift in Sources */ = {isa = PBXBuildFile; fileRef = 0F518BA82148D6B200F54B6D /* IbankerNormalCollectionViewCell.swift */; };
		0F518BAB2148DC3500F54B6D /* CommonEnum.swift in Sources */ = {isa = PBXBuildFile; fileRef = 0F518BAA2148DC3500F54B6D /* CommonEnum.swift */; };
		0F518BAE2148DF6A00F54B6D /* String+Extension.swift in Sources */ = {isa = PBXBuildFile; fileRef = 0F518BAD2148DF6A00F54B6D /* String+Extension.swift */; };
		0F518BB02148FA6100F54B6D /* IbankerHotTableViewCell.swift in Sources */ = {isa = PBXBuildFile; fileRef = 0F518BAF2148FA6100F54B6D /* IbankerHotTableViewCell.swift */; };
		0F518BB42149137E00F54B6D /* AppDelegate+TabBarController.swift in Sources */ = {isa = PBXBuildFile; fileRef = 0F518BB32149137E00F54B6D /* AppDelegate+TabBarController.swift */; };
		0F518BB6214A08ED00F54B6D /* Toast.swift in Sources */ = {isa = PBXBuildFile; fileRef = 0F518BB5214A08ED00F54B6D /* Toast.swift */; };
		0F518C05214A4BC900F54B6D /* WelcomeViewController.swift in Sources */ = {isa = PBXBuildFile; fileRef = 0F518C04214A4BC900F54B6D /* WelcomeViewController.swift */; };
		0F518C06214A4F0500F54B6D /* login_video.mp4 in Resources */ = {isa = PBXBuildFile; fileRef = 0F518BBB214A462C00F54B6D /* login_video.mp4 */; };
		0F518C07214A4F0800F54B6D /* loginmovie.mp4 in Resources */ = {isa = PBXBuildFile; fileRef = 0F518BBC214A463400F54B6D /* loginmovie.mp4 */; };
		0F518C08214A4F3600F54B6D /* opening_long.mp4 in Resources */ = {isa = PBXBuildFile; fileRef = 0F518BBD214A463400F54B6D /* opening_long.mp4 */; };
		0F518C09214A4F3800F54B6D /* qidong.mp4 in Resources */ = {isa = PBXBuildFile; fileRef = 0F518BBE214A463500F54B6D /* qidong.mp4 */; };
		0F518C0B214B45F500F54B6D /* HomeViewController.swift in Sources */ = {isa = PBXBuildFile; fileRef = 0F518C0A214B45F500F54B6D /* HomeViewController.swift */; };
		0F518C0D214B4D9900F54B6D /* HomeTableViewController.swift in Sources */ = {isa = PBXBuildFile; fileRef = 0F518C0C214B4D9900F54B6D /* HomeTableViewController.swift */; };
		0F518C0F214B8E8400F54B6D /* IbankerDetailViewController.swift in Sources */ = {isa = PBXBuildFile; fileRef = 0F518C0E214B8E8400F54B6D /* IbankerDetailViewController.swift */; };
		0F518C14214F6D3800F54B6D /* LoginViewController.swift in Sources */ = {isa = PBXBuildFile; fileRef = 0F518C13214F6D3800F54B6D /* LoginViewController.swift */; };
		0F518C162150899400F54B6D /* RequestSender.swift in Sources */ = {isa = PBXBuildFile; fileRef = 0F518C152150899400F54B6D /* RequestSender.swift */; };
		0F518C1821508BC100F54B6D /* IBNetworkReachability.swift in Sources */ = {isa = PBXBuildFile; fileRef = 0F518C1721508BC100F54B6D /* IBNetworkReachability.swift */; };
		0F518C1A215094B200F54B6D /* RequestManager.swift in Sources */ = {isa = PBXBuildFile; fileRef = 0F518C19215094B200F54B6D /* RequestManager.swift */; };
		0F518C1C215098B800F54B6D /* RequestFile.swift in Sources */ = {isa = PBXBuildFile; fileRef = 0F518C1B215098B800F54B6D /* RequestFile.swift */; };
		0F518C1F2150F21F00F54B6D /* HomeTableCommonHeader.swift in Sources */ = {isa = PBXBuildFile; fileRef = 0F518C1E2150F21F00F54B6D /* HomeTableCommonHeader.swift */; };
		3BBF03785AAE62568DBC6FA5 /* Pods_IBankerSwiftUITests.framework in Frameworks */ = {isa = PBXBuildFile; fileRef = 727930A92C85419F5885DE08 /* Pods_IBankerSwiftUITests.framework */; };
		87363D3A6D653D650B633411 /* Pods_IBankerSwiftTests.framework in Frameworks */ = {isa = PBXBuildFile; fileRef = 15E0F58337C05BF784C43427 /* Pods_IBankerSwiftTests.framework */; };
		F974FE760CB9FAFB14E3522D /* Pods_IBankerSwift.framework in Frameworks */ = {isa = PBXBuildFile; fileRef = 01204F615D6D1EC52B1D1517 /* Pods_IBankerSwift.framework */; };
/* End PBXBuildFile section */

/* Begin PBXContainerItemProxy section */
		0F518B1A21411AEE00F54B6D /* PBXContainerItemProxy */ = {
			isa = PBXContainerItemProxy;
			containerPortal = 0F518AFD21411AEB00F54B6D /* Project object */;
			proxyType = 1;
			remoteGlobalIDString = 0F518B0421411AEB00F54B6D;
			remoteInfo = IBankerSwift;
		};
		0F518B2521411AEE00F54B6D /* PBXContainerItemProxy */ = {
			isa = PBXContainerItemProxy;
			containerPortal = 0F518AFD21411AEB00F54B6D /* Project object */;
			proxyType = 1;
			remoteGlobalIDString = 0F518B0421411AEB00F54B6D;
			remoteInfo = IBankerSwift;
		};
/* End PBXContainerItemProxy section */

/* Begin PBXFileReference section */
		01204F615D6D1EC52B1D1517 /* Pods_IBankerSwift.framework */ = {isa = PBXFileReference; explicitFileType = wrapper.framework; includeInIndex = 0; path = Pods_IBankerSwift.framework; sourceTree = BUILT_PRODUCTS_DIR; };
		0758A281BD9BE876612250E8 /* Pods-IBankerSwiftUITests.release.xcconfig */ = {isa = PBXFileReference; includeInIndex = 1; lastKnownFileType = text.xcconfig; name = "Pods-IBankerSwiftUITests.release.xcconfig"; path = "Pods/Target Support Files/Pods-IBankerSwiftUITests/Pods-IBankerSwiftUITests.release.xcconfig"; sourceTree = "<group>"; };
		0F518B0521411AEB00F54B6D /* IBankerSwift.app */ = {isa = PBXFileReference; explicitFileType = wrapper.application; includeInIndex = 0; path = IBankerSwift.app; sourceTree = BUILT_PRODUCTS_DIR; };
		0F518B0821411AEB00F54B6D /* AppDelegate.swift */ = {isa = PBXFileReference; lastKnownFileType = sourcecode.swift; path = AppDelegate.swift; sourceTree = "<group>"; };
		0F518B0A21411AEB00F54B6D /* ViewController.swift */ = {isa = PBXFileReference; lastKnownFileType = sourcecode.swift; path = ViewController.swift; sourceTree = "<group>"; };
		0F518B0D21411AEB00F54B6D /* Base */ = {isa = PBXFileReference; lastKnownFileType = file.storyboard; name = Base; path = Base.lproj/Main.storyboard; sourceTree = "<group>"; };
		0F518B0F21411AEE00F54B6D /* Assets.xcassets */ = {isa = PBXFileReference; lastKnownFileType = folder.assetcatalog; path = Assets.xcassets; sourceTree = "<group>"; };
		0F518B1221411AEE00F54B6D /* Base */ = {isa = PBXFileReference; lastKnownFileType = file.storyboard; name = Base; path = Base.lproj/LaunchScreen.storyboard; sourceTree = "<group>"; };
		0F518B1421411AEE00F54B6D /* Info.plist */ = {isa = PBXFileReference; lastKnownFileType = text.plist.xml; path = Info.plist; sourceTree = "<group>"; };
		0F518B1921411AEE00F54B6D /* IBankerSwiftTests.xctest */ = {isa = PBXFileReference; explicitFileType = wrapper.cfbundle; includeInIndex = 0; path = IBankerSwiftTests.xctest; sourceTree = BUILT_PRODUCTS_DIR; };
		0F518B1D21411AEE00F54B6D /* IBankerSwiftTests.swift */ = {isa = PBXFileReference; lastKnownFileType = sourcecode.swift; path = IBankerSwiftTests.swift; sourceTree = "<group>"; };
		0F518B1F21411AEE00F54B6D /* Info.plist */ = {isa = PBXFileReference; lastKnownFileType = text.plist.xml; path = Info.plist; sourceTree = "<group>"; };
		0F518B2421411AEE00F54B6D /* IBankerSwiftUITests.xctest */ = {isa = PBXFileReference; explicitFileType = wrapper.cfbundle; includeInIndex = 0; path = IBankerSwiftUITests.xctest; sourceTree = BUILT_PRODUCTS_DIR; };
		0F518B2821411AEE00F54B6D /* IBankerSwiftUITests.swift */ = {isa = PBXFileReference; lastKnownFileType = sourcecode.swift; path = IBankerSwiftUITests.swift; sourceTree = "<group>"; };
		0F518B2A21411AEE00F54B6D /* Info.plist */ = {isa = PBXFileReference; lastKnownFileType = text.plist.xml; path = Info.plist; sourceTree = "<group>"; };
		0F518B3821411C8200F54B6D /* BaseViewController.swift */ = {isa = PBXFileReference; lastKnownFileType = sourcecode.swift; path = BaseViewController.swift; sourceTree = "<group>"; };
		0F518B3C21411CD900F54B6D /* RootTabBarController.swift */ = {isa = PBXFileReference; lastKnownFileType = sourcecode.swift; path = RootTabBarController.swift; sourceTree = "<group>"; };
		0F518B3E21411DED00F54B6D /* BaseNavigationController.swift */ = {isa = PBXFileReference; lastKnownFileType = sourcecode.swift; path = BaseNavigationController.swift; sourceTree = "<group>"; };
		0F518B4121411F9500F54B6D /* ProductViewController.swift */ = {isa = PBXFileReference; lastKnownFileType = sourcecode.swift; path = ProductViewController.swift; sourceTree = "<group>"; };
		0F518B4421411FB000F54B6D /* IbankerViewController.swift */ = {isa = PBXFileReference; lastKnownFileType = sourcecode.swift; path = IbankerViewController.swift; sourceTree = "<group>"; };
		0F518B4721411FC900F54B6D /* MyViewController.swift */ = {isa = PBXFileReference; lastKnownFileType = sourcecode.swift; path = MyViewController.swift; sourceTree = "<group>"; };
		0F518B4A2141201D00F54B6D /* IMViewController.swift */ = {isa = PBXFileReference; lastKnownFileType = sourcecode.swift; path = IMViewController.swift; sourceTree = "<group>"; };
		0F518B7621412B8B00F54B6D /* Common.swift */ = {isa = PBXFileReference; lastKnownFileType = sourcecode.swift; path = Common.swift; sourceTree = "<group>"; };
		0F518B78214249FA00F54B6D /* Prefix.swift */ = {isa = PBXFileReference; lastKnownFileType = sourcecode.swift; path = Prefix.swift; sourceTree = "<group>"; };
		0F518B7B214261C300F54B6D /* BaseModel.swift */ = {isa = PBXFileReference; lastKnownFileType = sourcecode.swift; path = BaseModel.swift; sourceTree = "<group>"; };
		0F518B7E214261FB00F54B6D /* ProductLibraryModel.swift */ = {isa = PBXFileReference; lastKnownFileType = sourcecode.swift; path = ProductLibraryModel.swift; sourceTree = "<group>"; };
		0F518B812142637900F54B6D /* ProductTableViewCell.swift */ = {isa = PBXFileReference; lastKnownFileType = sourcecode.swift; path = ProductTableViewCell.swift; sourceTree = "<group>"; };
		0F518B872145FCEA00F54B6D /* RequestManagerTemp.swift */ = {isa = PBXFileReference; fileEncoding = 4; lastKnownFileType = sourcecode.swift; path = RequestManagerTemp.swift; sourceTree = "<group>"; };
		0F518B8B2146451300F54B6D /* JsonHandle.swift */ = {isa = PBXFileReference; lastKnownFileType = sourcecode.swift; path = JsonHandle.swift; sourceTree = "<group>"; };
		0F518B8D21478E2A00F54B6D /* Swift-Bridge-Objective-C.h */ = {isa = PBXFileReference; lastKnownFileType = sourcecode.c.h; path = "Swift-Bridge-Objective-C.h"; sourceTree = "<group>"; };
		0F518B8F21479B9F00F54B6D /* IBRefreshHeader.swift */ = {isa = PBXFileReference; lastKnownFileType = sourcecode.swift; path = IBRefreshHeader.swift; sourceTree = "<group>"; };
		0F518B952147AB8600F54B6D /* LoadingView.swift */ = {isa = PBXFileReference; lastKnownFileType = sourcecode.swift; path = LoadingView.swift; sourceTree = "<group>"; };
		0F518B9921489A0E00F54B6D /* UINavigationController+FDFullscreenPopGesture.h */ = {isa = PBXFileReference; fileEncoding = 4; lastKnownFileType = sourcecode.c.h; path = "UINavigationController+FDFullscreenPopGesture.h"; sourceTree = "<group>"; };
		0F518B9A21489A0E00F54B6D /* UINavigationController+FDFullscreenPopGesture.m */ = {isa = PBXFileReference; fileEncoding = 4; lastKnownFileType = sourcecode.c.objc; path = "UINavigationController+FDFullscreenPopGesture.m"; sourceTree = "<group>"; };
		0F518B9E2148A4A300F54B6D /* IbankerTableModel.swift */ = {isa = PBXFileReference; lastKnownFileType = sourcecode.swift; path = IbankerTableModel.swift; sourceTree = "<group>"; };
		0F518BA22148A72400F54B6D /* IbankerRecommendCollectionViewCell.swift */ = {isa = PBXFileReference; lastKnownFileType = sourcecode.swift; path = IbankerRecommendCollectionViewCell.swift; sourceTree = "<group>"; };
		0F518BA42148B23500F54B6D /* IbankerRecommendTableViewCell.swift */ = {isa = PBXFileReference; lastKnownFileType = sourcecode.swift; path = IbankerRecommendTableViewCell.swift; sourceTree = "<group>"; };
		0F518BA62148D63F00F54B6D /* IbankerNormalTableViewCell.swift */ = {isa = PBXFileReference; lastKnownFileType = sourcecode.swift; path = IbankerNormalTableViewCell.swift; sourceTree = "<group>"; };
		0F518BA82148D6B200F54B6D /* IbankerNormalCollectionViewCell.swift */ = {isa = PBXFileReference; lastKnownFileType = sourcecode.swift; path = IbankerNormalCollectionViewCell.swift; sourceTree = "<group>"; };
		0F518BAA2148DC3500F54B6D /* CommonEnum.swift */ = {isa = PBXFileReference; lastKnownFileType = sourcecode.swift; path = CommonEnum.swift; sourceTree = "<group>"; };
		0F518BAD2148DF6A00F54B6D /* String+Extension.swift */ = {isa = PBXFileReference; lastKnownFileType = sourcecode.swift; path = "String+Extension.swift"; sourceTree = "<group>"; };
		0F518BAF2148FA6100F54B6D /* IbankerHotTableViewCell.swift */ = {isa = PBXFileReference; lastKnownFileType = sourcecode.swift; path = IbankerHotTableViewCell.swift; sourceTree = "<group>"; };
		0F518BB32149137E00F54B6D /* AppDelegate+TabBarController.swift */ = {isa = PBXFileReference; lastKnownFileType = sourcecode.swift; path = "AppDelegate+TabBarController.swift"; sourceTree = "<group>"; };
		0F518BB5214A08ED00F54B6D /* Toast.swift */ = {isa = PBXFileReference; lastKnownFileType = sourcecode.swift; path = Toast.swift; sourceTree = "<group>"; };
		0F518BBB214A462C00F54B6D /* login_video.mp4 */ = {isa = PBXFileReference; lastKnownFileType = file; path = login_video.mp4; sourceTree = "<group>"; };
		0F518BBC214A463400F54B6D /* loginmovie.mp4 */ = {isa = PBXFileReference; lastKnownFileType = file; path = loginmovie.mp4; sourceTree = "<group>"; };
		0F518BBD214A463400F54B6D /* opening_long.mp4 */ = {isa = PBXFileReference; lastKnownFileType = file; path = opening_long.mp4; sourceTree = "<group>"; };
		0F518BBE214A463500F54B6D /* qidong.mp4 */ = {isa = PBXFileReference; lastKnownFileType = file; path = qidong.mp4; sourceTree = "<group>"; };
		0F518C04214A4BC900F54B6D /* WelcomeViewController.swift */ = {isa = PBXFileReference; lastKnownFileType = sourcecode.swift; path = WelcomeViewController.swift; sourceTree = "<group>"; };
		0F518C0A214B45F500F54B6D /* HomeViewController.swift */ = {isa = PBXFileReference; lastKnownFileType = sourcecode.swift; path = HomeViewController.swift; sourceTree = "<group>"; };
		0F518C0C214B4D9900F54B6D /* HomeTableViewController.swift */ = {isa = PBXFileReference; lastKnownFileType = sourcecode.swift; path = HomeTableViewController.swift; sourceTree = "<group>"; };
		0F518C0E214B8E8400F54B6D /* IbankerDetailViewController.swift */ = {isa = PBXFileReference; lastKnownFileType = sourcecode.swift; path = IbankerDetailViewController.swift; sourceTree = "<group>"; };
		0F518C13214F6D3800F54B6D /* LoginViewController.swift */ = {isa = PBXFileReference; lastKnownFileType = sourcecode.swift; path = LoginViewController.swift; sourceTree = "<group>"; };
		0F518C152150899400F54B6D /* RequestSender.swift */ = {isa = PBXFileReference; lastKnownFileType = sourcecode.swift; path = RequestSender.swift; sourceTree = "<group>"; };
		0F518C1721508BC100F54B6D /* IBNetworkReachability.swift */ = {isa = PBXFileReference; lastKnownFileType = sourcecode.swift; path = IBNetworkReachability.swift; sourceTree = "<group>"; };
		0F518C19215094B200F54B6D /* RequestManager.swift */ = {isa = PBXFileReference; lastKnownFileType = sourcecode.swift; path = RequestManager.swift; sourceTree = "<group>"; };
		0F518C1B215098B800F54B6D /* RequestFile.swift */ = {isa = PBXFileReference; lastKnownFileType = sourcecode.swift; path = RequestFile.swift; sourceTree = "<group>"; };
		0F518C1E2150F21F00F54B6D /* HomeTableCommonHeader.swift */ = {isa = PBXFileReference; lastKnownFileType = sourcecode.swift; path = HomeTableCommonHeader.swift; sourceTree = "<group>"; };
		15E0F58337C05BF784C43427 /* Pods_IBankerSwiftTests.framework */ = {isa = PBXFileReference; explicitFileType = wrapper.framework; includeInIndex = 0; path = Pods_IBankerSwiftTests.framework; sourceTree = BUILT_PRODUCTS_DIR; };
		399221F87CE24E5B31F06826 /* Pods-IBankerSwiftTests.debug.xcconfig */ = {isa = PBXFileReference; includeInIndex = 1; lastKnownFileType = text.xcconfig; name = "Pods-IBankerSwiftTests.debug.xcconfig"; path = "Pods/Target Support Files/Pods-IBankerSwiftTests/Pods-IBankerSwiftTests.debug.xcconfig"; sourceTree = "<group>"; };
		4E5C305FD75FF775EE633F3E /* Pods-IBankerSwiftTests.release.xcconfig */ = {isa = PBXFileReference; includeInIndex = 1; lastKnownFileType = text.xcconfig; name = "Pods-IBankerSwiftTests.release.xcconfig"; path = "Pods/Target Support Files/Pods-IBankerSwiftTests/Pods-IBankerSwiftTests.release.xcconfig"; sourceTree = "<group>"; };
		727930A92C85419F5885DE08 /* Pods_IBankerSwiftUITests.framework */ = {isa = PBXFileReference; explicitFileType = wrapper.framework; includeInIndex = 0; path = Pods_IBankerSwiftUITests.framework; sourceTree = BUILT_PRODUCTS_DIR; };
		73D0245AB5623170AA71D8CA /* Pods-IBankerSwift.debug.xcconfig */ = {isa = PBXFileReference; includeInIndex = 1; lastKnownFileType = text.xcconfig; name = "Pods-IBankerSwift.debug.xcconfig"; path = "Pods/Target Support Files/Pods-IBankerSwift/Pods-IBankerSwift.debug.xcconfig"; sourceTree = "<group>"; };
		7522CC2D0459640FF7A21FEE /* Pods-IBankerSwift.release.xcconfig */ = {isa = PBXFileReference; includeInIndex = 1; lastKnownFileType = text.xcconfig; name = "Pods-IBankerSwift.release.xcconfig"; path = "Pods/Target Support Files/Pods-IBankerSwift/Pods-IBankerSwift.release.xcconfig"; sourceTree = "<group>"; };
		A5A72BB4F58AF1AEFCF7F26B /* Pods-IBankerSwiftUITests.debug.xcconfig */ = {isa = PBXFileReference; includeInIndex = 1; lastKnownFileType = text.xcconfig; name = "Pods-IBankerSwiftUITests.debug.xcconfig"; path = "Pods/Target Support Files/Pods-IBankerSwiftUITests/Pods-IBankerSwiftUITests.debug.xcconfig"; sourceTree = "<group>"; };
/* End PBXFileReference section */

/* Begin PBXFrameworksBuildPhase section */
		0F518B0221411AEB00F54B6D /* Frameworks */ = {
			isa = PBXFrameworksBuildPhase;
			buildActionMask = 2147483647;
			files = (
				F974FE760CB9FAFB14E3522D /* Pods_IBankerSwift.framework in Frameworks */,
			);
			runOnlyForDeploymentPostprocessing = 0;
		};
		0F518B1621411AEE00F54B6D /* Frameworks */ = {
			isa = PBXFrameworksBuildPhase;
			buildActionMask = 2147483647;
			files = (
				87363D3A6D653D650B633411 /* Pods_IBankerSwiftTests.framework in Frameworks */,
			);
			runOnlyForDeploymentPostprocessing = 0;
		};
		0F518B2121411AEE00F54B6D /* Frameworks */ = {
			isa = PBXFrameworksBuildPhase;
			buildActionMask = 2147483647;
			files = (
				3BBF03785AAE62568DBC6FA5 /* Pods_IBankerSwiftUITests.framework in Frameworks */,
			);
			runOnlyForDeploymentPostprocessing = 0;
		};
/* End PBXFrameworksBuildPhase section */

/* Begin PBXGroup section */
		0F518AFC21411AEB00F54B6D = {
			isa = PBXGroup;
			children = (
				0F518B0721411AEB00F54B6D /* IBankerSwift */,
				0F518B1C21411AEE00F54B6D /* IBankerSwiftTests */,
				0F518B2721411AEE00F54B6D /* IBankerSwiftUITests */,
				0F518B0621411AEB00F54B6D /* Products */,
				74952EE83FEE04E21D9DB687 /* Pods */,
				CC75023A980EF14B98D81487 /* Frameworks */,
			);
			sourceTree = "<group>";
		};
		0F518B0621411AEB00F54B6D /* Products */ = {
			isa = PBXGroup;
			children = (
				0F518B0521411AEB00F54B6D /* IBankerSwift.app */,
				0F518B1921411AEE00F54B6D /* IBankerSwiftTests.xctest */,
				0F518B2421411AEE00F54B6D /* IBankerSwiftUITests.xctest */,
			);
			name = Products;
			sourceTree = "<group>";
		};
		0F518B0721411AEB00F54B6D /* IBankerSwift */ = {
			isa = PBXGroup;
			children = (
				0F518B0821411AEB00F54B6D /* AppDelegate.swift */,
				0F518B0A21411AEB00F54B6D /* ViewController.swift */,
				0F518C12214F6D2900F54B6D /* Login */,
				0F518C00214A4B9800F54B6D /* Welcome */,
				0F518BAC2148DF4600F54B6D /* Category */,
				0F518B97214899E300F54B6D /* ThirdLib */,
				0F518B8E21479B7E00F54B6D /* Custom */,
				0F518B832142748300F54B6D /* Manager */,
				0F518B7521412B7500F54B6D /* Common */,
				0F518B3721411C7600F54B6D /* Base */,
				0F518B3621411C5D00F54B6D /* Home */,
				0F518B4021411F6200F54B6D /* Product */,
				0F518B4321411FA600F54B6D /* Ibanker */,
				0F518B4621411FBF00F54B6D /* My */,
				0F518B492141201500F54B6D /* IM */,
				0F518BBA214A45B200F54B6D /* Videos */,
				0F518B0F21411AEE00F54B6D /* Assets.xcassets */,
				0F518B1121411AEE00F54B6D /* LaunchScreen.storyboard */,
				0F518B0C21411AEB00F54B6D /* Main.storyboard */,
				0F518B1421411AEE00F54B6D /* Info.plist */,
			);
			path = IBankerSwift;
			sourceTree = "<group>";
		};
		0F518B1C21411AEE00F54B6D /* IBankerSwiftTests */ = {
			isa = PBXGroup;
			children = (
				0F518B1D21411AEE00F54B6D /* IBankerSwiftTests.swift */,
				0F518B1F21411AEE00F54B6D /* Info.plist */,
			);
			path = IBankerSwiftTests;
			sourceTree = "<group>";
		};
		0F518B2721411AEE00F54B6D /* IBankerSwiftUITests */ = {
			isa = PBXGroup;
			children = (
				0F518B2821411AEE00F54B6D /* IBankerSwiftUITests.swift */,
				0F518B2A21411AEE00F54B6D /* Info.plist */,
			);
			path = IBankerSwiftUITests;
			sourceTree = "<group>";
		};
		0F518B3621411C5D00F54B6D /* Home */ = {
			isa = PBXGroup;
			children = (
				0F518C1D2150F20700F54B6D /* View */,
				0F518BB7214A130500F54B6D /* Controller */,
				0F518B7A2142614100F54B6D /* Model */,
			);
			path = Home;
			sourceTree = "<group>";
		};
		0F518B3721411C7600F54B6D /* Base */ = {
			isa = PBXGroup;
			children = (
				0F518B3821411C8200F54B6D /* BaseViewController.swift */,
				0F518B3C21411CD900F54B6D /* RootTabBarController.swift */,
				0F518B3E21411DED00F54B6D /* BaseNavigationController.swift */,
				0F518B7B214261C300F54B6D /* BaseModel.swift */,
			);
			path = Base;
			sourceTree = "<group>";
		};
		0F518B4021411F6200F54B6D /* Product */ = {
			isa = PBXGroup;
			children = (
				0F518BB12149125700F54B6D /* Controller */,
				0F518B802142635300F54B6D /* View */,
				0F518B7D214261E000F54B6D /* Model */,
			);
			path = Product;
			sourceTree = "<group>";
		};
		0F518B4321411FA600F54B6D /* Ibanker */ = {
			isa = PBXGroup;
			children = (
				0F518BB22149127E00F54B6D /* Controller */,
				0F518B9D2148A45C00F54B6D /* View */,
				0F518B9C2148A43B00F54B6D /* Model */,
			);
			path = Ibanker;
			sourceTree = "<group>";
		};
		0F518B4621411FBF00F54B6D /* My */ = {
			isa = PBXGroup;
			children = (
				0F518BB8214A276400F54B6D /* Controller */,
			);
			path = My;
			sourceTree = "<group>";
		};
		0F518B492141201500F54B6D /* IM */ = {
			isa = PBXGroup;
			children = (
				0F518BB9214A43A200F54B6D /* Controller */,
			);
			path = IM;
			sourceTree = "<group>";
		};
		0F518B7521412B7500F54B6D /* Common */ = {
			isa = PBXGroup;
			children = (
				0F518B7621412B8B00F54B6D /* Common.swift */,
				0F518B8B2146451300F54B6D /* JsonHandle.swift */,
				0F518B78214249FA00F54B6D /* Prefix.swift */,
				0F518B8D21478E2A00F54B6D /* Swift-Bridge-Objective-C.h */,
				0F518BAA2148DC3500F54B6D /* CommonEnum.swift */,
			);
			path = Common;
			sourceTree = "<group>";
		};
		0F518B7A2142614100F54B6D /* Model */ = {
			isa = PBXGroup;
			children = (
			);
			path = Model;
			sourceTree = "<group>";
		};
		0F518B7D214261E000F54B6D /* Model */ = {
			isa = PBXGroup;
			children = (
				0F518B7E214261FB00F54B6D /* ProductLibraryModel.swift */,
			);
			path = Model;
			sourceTree = "<group>";
		};
		0F518B802142635300F54B6D /* View */ = {
			isa = PBXGroup;
			children = (
				0F518B812142637900F54B6D /* ProductTableViewCell.swift */,
			);
			path = View;
			sourceTree = "<group>";
		};
		0F518B832142748300F54B6D /* Manager */ = {
			isa = PBXGroup;
			children = (
				0F518B842142749400F54B6D /* RequestManager */,
			);
			path = Manager;
			sourceTree = "<group>";
		};
		0F518B842142749400F54B6D /* RequestManager */ = {
			isa = PBXGroup;
			children = (
				0F518B872145FCEA00F54B6D /* RequestManagerTemp.swift */,
				0F518C19215094B200F54B6D /* RequestManager.swift */,
				0F518C152150899400F54B6D /* RequestSender.swift */,
				0F518C1B215098B800F54B6D /* RequestFile.swift */,
				0F518C1721508BC100F54B6D /* IBNetworkReachability.swift */,
			);
			path = RequestManager;
			sourceTree = "<group>";
		};
		0F518B8E21479B7E00F54B6D /* Custom */ = {
			isa = PBXGroup;
			children = (
				0F518B8F21479B9F00F54B6D /* IBRefreshHeader.swift */,
				0F518B952147AB8600F54B6D /* LoadingView.swift */,
				0F518BB5214A08ED00F54B6D /* Toast.swift */,
			);
			path = Custom;
			sourceTree = "<group>";
		};
		0F518B97214899E300F54B6D /* ThirdLib */ = {
			isa = PBXGroup;
			children = (
				0F518B98214899FC00F54B6D /* FDFullscreenPopGesture */,
			);
			path = ThirdLib;
			sourceTree = "<group>";
		};
		0F518B98214899FC00F54B6D /* FDFullscreenPopGesture */ = {
			isa = PBXGroup;
			children = (
				0F518B9921489A0E00F54B6D /* UINavigationController+FDFullscreenPopGesture.h */,
				0F518B9A21489A0E00F54B6D /* UINavigationController+FDFullscreenPopGesture.m */,
			);
			path = FDFullscreenPopGesture;
			sourceTree = "<group>";
		};
		0F518B9C2148A43B00F54B6D /* Model */ = {
			isa = PBXGroup;
			children = (
				0F518B9E2148A4A300F54B6D /* IbankerTableModel.swift */,
			);
			path = Model;
			sourceTree = "<group>";
		};
		0F518B9D2148A45C00F54B6D /* View */ = {
			isa = PBXGroup;
			children = (
				0F518BA42148B23500F54B6D /* IbankerRecommendTableViewCell.swift */,
				0F518BA22148A72400F54B6D /* IbankerRecommendCollectionViewCell.swift */,
				0F518BA62148D63F00F54B6D /* IbankerNormalTableViewCell.swift */,
				0F518BA82148D6B200F54B6D /* IbankerNormalCollectionViewCell.swift */,
				0F518BAF2148FA6100F54B6D /* IbankerHotTableViewCell.swift */,
			);
			path = View;
			sourceTree = "<group>";
		};
		0F518BAC2148DF4600F54B6D /* Category */ = {
			isa = PBXGroup;
			children = (
				0F518BAD2148DF6A00F54B6D /* String+Extension.swift */,
				0F518BB32149137E00F54B6D /* AppDelegate+TabBarController.swift */,
			);
			path = Category;
			sourceTree = "<group>";
		};
		0F518BB12149125700F54B6D /* Controller */ = {
			isa = PBXGroup;
			children = (
				0F518B4121411F9500F54B6D /* ProductViewController.swift */,
			);
			path = Controller;
			sourceTree = "<group>";
		};
		0F518BB22149127E00F54B6D /* Controller */ = {
			isa = PBXGroup;
			children = (
				0F518B4421411FB000F54B6D /* IbankerViewController.swift */,
				0F518C0E214B8E8400F54B6D /* IbankerDetailViewController.swift */,
			);
			path = Controller;
			sourceTree = "<group>";
		};
		0F518BB7214A130500F54B6D /* Controller */ = {
			isa = PBXGroup;
			children = (
				0F518C0A214B45F500F54B6D /* HomeViewController.swift */,
				0F518C0C214B4D9900F54B6D /* HomeTableViewController.swift */,
			);
			path = Controller;
			sourceTree = "<group>";
		};
		0F518BB8214A276400F54B6D /* Controller */ = {
			isa = PBXGroup;
			children = (
				0F518B4721411FC900F54B6D /* MyViewController.swift */,
			);
			path = Controller;
			sourceTree = "<group>";
		};
		0F518BB9214A43A200F54B6D /* Controller */ = {
			isa = PBXGroup;
			children = (
				0F518B4A2141201D00F54B6D /* IMViewController.swift */,
			);
			path = Controller;
			sourceTree = "<group>";
		};
		0F518BBA214A45B200F54B6D /* Videos */ = {
			isa = PBXGroup;
			children = (
				0F518BBB214A462C00F54B6D /* login_video.mp4 */,
				0F518BBC214A463400F54B6D /* loginmovie.mp4 */,
				0F518BBD214A463400F54B6D /* opening_long.mp4 */,
				0F518BBE214A463500F54B6D /* qidong.mp4 */,
			);
			path = Videos;
			sourceTree = "<group>";
		};
		0F518C00214A4B9800F54B6D /* Welcome */ = {
			isa = PBXGroup;
			children = (
				0F518C04214A4BC900F54B6D /* WelcomeViewController.swift */,
			);
			path = Welcome;
			sourceTree = "<group>";
		};
		0F518C12214F6D2900F54B6D /* Login */ = {
			isa = PBXGroup;
			children = (
				0F518C13214F6D3800F54B6D /* LoginViewController.swift */,
			);
			path = Login;
			sourceTree = "<group>";
		};
		0F518C1D2150F20700F54B6D /* View */ = {
			isa = PBXGroup;
			children = (
				0F518C1E2150F21F00F54B6D /* HomeTableCommonHeader.swift */,
			);
			path = View;
			sourceTree = "<group>";
		};
		74952EE83FEE04E21D9DB687 /* Pods */ = {
			isa = PBXGroup;
			children = (
				73D0245AB5623170AA71D8CA /* Pods-IBankerSwift.debug.xcconfig */,
				7522CC2D0459640FF7A21FEE /* Pods-IBankerSwift.release.xcconfig */,
				399221F87CE24E5B31F06826 /* Pods-IBankerSwiftTests.debug.xcconfig */,
				4E5C305FD75FF775EE633F3E /* Pods-IBankerSwiftTests.release.xcconfig */,
				A5A72BB4F58AF1AEFCF7F26B /* Pods-IBankerSwiftUITests.debug.xcconfig */,
				0758A281BD9BE876612250E8 /* Pods-IBankerSwiftUITests.release.xcconfig */,
			);
			name = Pods;
			sourceTree = "<group>";
		};
		CC75023A980EF14B98D81487 /* Frameworks */ = {
			isa = PBXGroup;
			children = (
				01204F615D6D1EC52B1D1517 /* Pods_IBankerSwift.framework */,
				15E0F58337C05BF784C43427 /* Pods_IBankerSwiftTests.framework */,
				727930A92C85419F5885DE08 /* Pods_IBankerSwiftUITests.framework */,
			);
			name = Frameworks;
			sourceTree = "<group>";
		};
/* End PBXGroup section */

/* Begin PBXNativeTarget section */
		0F518B0421411AEB00F54B6D /* IBankerSwift */ = {
			isa = PBXNativeTarget;
			buildConfigurationList = 0F518B2D21411AEE00F54B6D /* Build configuration list for PBXNativeTarget "IBankerSwift" */;
			buildPhases = (
				3B7ABB2AE70C265BD60E8CAA /* [CP] Check Pods Manifest.lock */,
				0F518B0121411AEB00F54B6D /* Sources */,
				0F518B0221411AEB00F54B6D /* Frameworks */,
				0F518B0321411AEB00F54B6D /* Resources */,
				C768EC4DD7132AC49CF772D5 /* [CP] Embed Pods Frameworks */,
				A211823C034BFAE5C259CE06 /* [CP] Copy Pods Resources */,
			);
			buildRules = (
			);
			dependencies = (
			);
			name = IBankerSwift;
			productName = IBankerSwift;
			productReference = 0F518B0521411AEB00F54B6D /* IBankerSwift.app */;
			productType = "com.apple.product-type.application";
		};
		0F518B1821411AEE00F54B6D /* IBankerSwiftTests */ = {
			isa = PBXNativeTarget;
			buildConfigurationList = 0F518B3021411AEE00F54B6D /* Build configuration list for PBXNativeTarget "IBankerSwiftTests" */;
			buildPhases = (
				7D09D9AEF68861E0E4C77865 /* [CP] Check Pods Manifest.lock */,
				0F518B1521411AEE00F54B6D /* Sources */,
				0F518B1621411AEE00F54B6D /* Frameworks */,
				0F518B1721411AEE00F54B6D /* Resources */,
				122BD440AF37DE6FB83E2B1B /* [CP] Embed Pods Frameworks */,
				A28E0388BC5EE5DD6356C6E5 /* [CP] Copy Pods Resources */,
			);
			buildRules = (
			);
			dependencies = (
				0F518B1B21411AEE00F54B6D /* PBXTargetDependency */,
			);
			name = IBankerSwiftTests;
			productName = IBankerSwiftTests;
			productReference = 0F518B1921411AEE00F54B6D /* IBankerSwiftTests.xctest */;
			productType = "com.apple.product-type.bundle.unit-test";
		};
		0F518B2321411AEE00F54B6D /* IBankerSwiftUITests */ = {
			isa = PBXNativeTarget;
			buildConfigurationList = 0F518B3321411AEE00F54B6D /* Build configuration list for PBXNativeTarget "IBankerSwiftUITests" */;
			buildPhases = (
				7D0D00B276DF73984BDE7213 /* [CP] Check Pods Manifest.lock */,
				0F518B2021411AEE00F54B6D /* Sources */,
				0F518B2121411AEE00F54B6D /* Frameworks */,
				0F518B2221411AEE00F54B6D /* Resources */,
				8EEC7C08EB0B33DA4E9B4850 /* [CP] Embed Pods Frameworks */,
				87BBFAF3585416084DD7F8AC /* [CP] Copy Pods Resources */,
			);
			buildRules = (
			);
			dependencies = (
				0F518B2621411AEE00F54B6D /* PBXTargetDependency */,
			);
			name = IBankerSwiftUITests;
			productName = IBankerSwiftUITests;
			productReference = 0F518B2421411AEE00F54B6D /* IBankerSwiftUITests.xctest */;
			productType = "com.apple.product-type.bundle.ui-testing";
		};
/* End PBXNativeTarget section */

/* Begin PBXProject section */
		0F518AFD21411AEB00F54B6D /* Project object */ = {
			isa = PBXProject;
			attributes = {
				LastSwiftUpdateCheck = 0940;
				LastUpgradeCheck = 0940;
				ORGANIZATIONNAME = "蔡宇航";
				TargetAttributes = {
					0F518B0421411AEB00F54B6D = {
						CreatedOnToolsVersion = 9.4.1;
						ProvisioningStyle = Automatic;
					};
					0F518B1821411AEE00F54B6D = {
						CreatedOnToolsVersion = 9.4.1;
						ProvisioningStyle = Automatic;
						TestTargetID = 0F518B0421411AEB00F54B6D;
					};
					0F518B2321411AEE00F54B6D = {
						CreatedOnToolsVersion = 9.4.1;
						ProvisioningStyle = Automatic;
						TestTargetID = 0F518B0421411AEB00F54B6D;
					};
				};
			};
			buildConfigurationList = 0F518B0021411AEB00F54B6D /* Build configuration list for PBXProject "IBankerSwift" */;
			compatibilityVersion = "Xcode 8.0";
			developmentRegion = en;
			hasScannedForEncodings = 0;
			knownRegions = (
				en,
				Base,
			);
			mainGroup = 0F518AFC21411AEB00F54B6D;
			productRefGroup = 0F518B0621411AEB00F54B6D /* Products */;
			projectDirPath = "";
			projectRoot = "";
			targets = (
				0F518B0421411AEB00F54B6D /* IBankerSwift */,
				0F518B1821411AEE00F54B6D /* IBankerSwiftTests */,
				0F518B2321411AEE00F54B6D /* IBankerSwiftUITests */,
			);
		};
/* End PBXProject section */

/* Begin PBXResourcesBuildPhase section */
		0F518B0321411AEB00F54B6D /* Resources */ = {
			isa = PBXResourcesBuildPhase;
			buildActionMask = 2147483647;
			files = (
				0F518B1321411AEE00F54B6D /* LaunchScreen.storyboard in Resources */,
				0F518C09214A4F3800F54B6D /* qidong.mp4 in Resources */,
				0F518C07214A4F0800F54B6D /* loginmovie.mp4 in Resources */,
				0F518C08214A4F3600F54B6D /* opening_long.mp4 in Resources */,
				0F518C06214A4F0500F54B6D /* login_video.mp4 in Resources */,
				0F518B1021411AEE00F54B6D /* Assets.xcassets in Resources */,
				0F518B0E21411AEB00F54B6D /* Main.storyboard in Resources */,
			);
			runOnlyForDeploymentPostprocessing = 0;
		};
		0F518B1721411AEE00F54B6D /* Resources */ = {
			isa = PBXResourcesBuildPhase;
			buildActionMask = 2147483647;
			files = (
			);
			runOnlyForDeploymentPostprocessing = 0;
		};
		0F518B2221411AEE00F54B6D /* Resources */ = {
			isa = PBXResourcesBuildPhase;
			buildActionMask = 2147483647;
			files = (
			);
			runOnlyForDeploymentPostprocessing = 0;
		};
/* End PBXResourcesBuildPhase section */

/* Begin PBXShellScriptBuildPhase section */
		122BD440AF37DE6FB83E2B1B /* [CP] Embed Pods Frameworks */ = {
			isa = PBXShellScriptBuildPhase;
			buildActionMask = 2147483647;
			files = (
			);
			inputPaths = (
			);
			name = "[CP] Embed Pods Frameworks";
			outputPaths = (
			);
			runOnlyForDeploymentPostprocessing = 0;
			shellPath = /bin/sh;
			shellScript = "\"${SRCROOT}/Pods/Target Support Files/Pods-IBankerSwiftTests/Pods-IBankerSwiftTests-frameworks.sh\"\n";
			showEnvVarsInLog = 0;
		};
		3B7ABB2AE70C265BD60E8CAA /* [CP] Check Pods Manifest.lock */ = {
			isa = PBXShellScriptBuildPhase;
			buildActionMask = 2147483647;
			files = (
			);
			inputPaths = (
			);
			name = "[CP] Check Pods Manifest.lock";
			outputPaths = (
			);
			runOnlyForDeploymentPostprocessing = 0;
			shellPath = /bin/sh;
			shellScript = "diff \"${PODS_PODFILE_DIR_PATH}/Podfile.lock\" \"${PODS_ROOT}/Manifest.lock\" > /dev/null\nif [ $? != 0 ] ; then\n    # print error to STDERR\n    echo \"error: The sandbox is not in sync with the Podfile.lock. Run 'pod install' or update your CocoaPods installation.\" >&2\n    exit 1\nfi\n";
			showEnvVarsInLog = 0;
		};
		7D09D9AEF68861E0E4C77865 /* [CP] Check Pods Manifest.lock */ = {
			isa = PBXShellScriptBuildPhase;
			buildActionMask = 2147483647;
			files = (
			);
			inputPaths = (
			);
			name = "[CP] Check Pods Manifest.lock";
			outputPaths = (
			);
			runOnlyForDeploymentPostprocessing = 0;
			shellPath = /bin/sh;
			shellScript = "diff \"${PODS_PODFILE_DIR_PATH}/Podfile.lock\" \"${PODS_ROOT}/Manifest.lock\" > /dev/null\nif [ $? != 0 ] ; then\n    # print error to STDERR\n    echo \"error: The sandbox is not in sync with the Podfile.lock. Run 'pod install' or update your CocoaPods installation.\" >&2\n    exit 1\nfi\n";
			showEnvVarsInLog = 0;
		};
		7D0D00B276DF73984BDE7213 /* [CP] Check Pods Manifest.lock */ = {
			isa = PBXShellScriptBuildPhase;
			buildActionMask = 2147483647;
			files = (
			);
			inputPaths = (
			);
			name = "[CP] Check Pods Manifest.lock";
			outputPaths = (
			);
			runOnlyForDeploymentPostprocessing = 0;
			shellPath = /bin/sh;
			shellScript = "diff \"${PODS_PODFILE_DIR_PATH}/Podfile.lock\" \"${PODS_ROOT}/Manifest.lock\" > /dev/null\nif [ $? != 0 ] ; then\n    # print error to STDERR\n    echo \"error: The sandbox is not in sync with the Podfile.lock. Run 'pod install' or update your CocoaPods installation.\" >&2\n    exit 1\nfi\n";
			showEnvVarsInLog = 0;
		};
		87BBFAF3585416084DD7F8AC /* [CP] Copy Pods Resources */ = {
			isa = PBXShellScriptBuildPhase;
			buildActionMask = 2147483647;
			files = (
			);
			inputPaths = (
			);
			name = "[CP] Copy Pods Resources";
			outputPaths = (
			);
			runOnlyForDeploymentPostprocessing = 0;
			shellPath = /bin/sh;
			shellScript = "\"${SRCROOT}/Pods/Target Support Files/Pods-IBankerSwiftUITests/Pods-IBankerSwiftUITests-resources.sh\"\n";
			showEnvVarsInLog = 0;
		};
		8EEC7C08EB0B33DA4E9B4850 /* [CP] Embed Pods Frameworks */ = {
			isa = PBXShellScriptBuildPhase;
			buildActionMask = 2147483647;
			files = (
			);
			inputPaths = (
			);
			name = "[CP] Embed Pods Frameworks";
			outputPaths = (
			);
			runOnlyForDeploymentPostprocessing = 0;
			shellPath = /bin/sh;
			shellScript = "\"${SRCROOT}/Pods/Target Support Files/Pods-IBankerSwiftUITests/Pods-IBankerSwiftUITests-frameworks.sh\"\n";
			showEnvVarsInLog = 0;
		};
		A211823C034BFAE5C259CE06 /* [CP] Copy Pods Resources */ = {
			isa = PBXShellScriptBuildPhase;
			buildActionMask = 2147483647;
			files = (
			);
			inputPaths = (
			);
			name = "[CP] Copy Pods Resources";
			outputPaths = (
			);
			runOnlyForDeploymentPostprocessing = 0;
			shellPath = /bin/sh;
			shellScript = "\"${SRCROOT}/Pods/Target Support Files/Pods-IBankerSwift/Pods-IBankerSwift-resources.sh\"\n";
			showEnvVarsInLog = 0;
		};
		A28E0388BC5EE5DD6356C6E5 /* [CP] Copy Pods Resources */ = {
			isa = PBXShellScriptBuildPhase;
			buildActionMask = 2147483647;
			files = (
			);
			inputPaths = (
			);
			name = "[CP] Copy Pods Resources";
			outputPaths = (
			);
			runOnlyForDeploymentPostprocessing = 0;
			shellPath = /bin/sh;
			shellScript = "\"${SRCROOT}/Pods/Target Support Files/Pods-IBankerSwiftTests/Pods-IBankerSwiftTests-resources.sh\"\n";
			showEnvVarsInLog = 0;
		};
		C768EC4DD7132AC49CF772D5 /* [CP] Embed Pods Frameworks */ = {
			isa = PBXShellScriptBuildPhase;
			buildActionMask = 2147483647;
			files = (
			);
			inputPaths = (
			);
			name = "[CP] Embed Pods Frameworks";
			outputPaths = (
			);
			runOnlyForDeploymentPostprocessing = 0;
			shellPath = /bin/sh;
			shellScript = "\"${SRCROOT}/Pods/Target Support Files/Pods-IBankerSwift/Pods-IBankerSwift-frameworks.sh\"\n";
			showEnvVarsInLog = 0;
		};
/* End PBXShellScriptBuildPhase section */

/* Begin PBXSourcesBuildPhase section */
		0F518B0121411AEB00F54B6D /* Sources */ = {
			isa = PBXSourcesBuildPhase;
			buildActionMask = 2147483647;
			files = (
				0F518BB42149137E00F54B6D /* AppDelegate+TabBarController.swift in Sources */,
				0F518B0B21411AEB00F54B6D /* ViewController.swift in Sources */,
				0F518C162150899400F54B6D /* RequestSender.swift in Sources */,
				0F518B79214249FA00F54B6D /* Prefix.swift in Sources */,
				0F518C0F214B8E8400F54B6D /* IbankerDetailViewController.swift in Sources */,
				0F518B822142637900F54B6D /* ProductTableViewCell.swift in Sources */,
				0F518B882145FCEA00F54B6D /* RequestManagerTemp.swift in Sources */,
				0F518B4521411FB000F54B6D /* IbankerViewController.swift in Sources */,
				0F518B7C214261C300F54B6D /* BaseModel.swift in Sources */,
				0F518BB6214A08ED00F54B6D /* Toast.swift in Sources */,
				0F518B4B2141201D00F54B6D /* IMViewController.swift in Sources */,
				0F518C05214A4BC900F54B6D /* WelcomeViewController.swift in Sources */,
				0F518C1821508BC100F54B6D /* IBNetworkReachability.swift in Sources */,
				0F518B3D21411CD900F54B6D /* RootTabBarController.swift in Sources */,
				0F518B7721412B8B00F54B6D /* Common.swift in Sources */,
				0F518C1A215094B200F54B6D /* RequestManager.swift in Sources */,
				0F518C0D214B4D9900F54B6D /* HomeTableViewController.swift in Sources */,
				0F518B7F214261FB00F54B6D /* ProductLibraryModel.swift in Sources */,
				0F518BB02148FA6100F54B6D /* IbankerHotTableViewCell.swift in Sources */,
				0F518BA92148D6B200F54B6D /* IbankerNormalCollectionViewCell.swift in Sources */,
				0F518B9B21489A0E00F54B6D /* UINavigationController+FDFullscreenPopGesture.m in Sources */,
				0F518B3F21411DED00F54B6D /* BaseNavigationController.swift in Sources */,
				0F518B4821411FC900F54B6D /* MyViewController.swift in Sources */,
				0F518B4221411F9500F54B6D /* ProductViewController.swift in Sources */,
				0F518BAB2148DC3500F54B6D /* CommonEnum.swift in Sources */,
				0F518BA52148B23500F54B6D /* IbankerRecommendTableViewCell.swift in Sources */,
				0F518B9021479B9F00F54B6D /* IBRefreshHeader.swift in Sources */,
				0F518B0921411AEB00F54B6D /* AppDelegate.swift in Sources */,
				0F518BAE2148DF6A00F54B6D /* String+Extension.swift in Sources */,
				0F518B3921411C8200F54B6D /* BaseViewController.swift in Sources */,
				0F518BA32148A72400F54B6D /* IbankerRecommendCollectionViewCell.swift in Sources */,
				0F518B962147AB8600F54B6D /* LoadingView.swift in Sources */,
				0F518C1F2150F21F00F54B6D /* HomeTableCommonHeader.swift in Sources */,
				0F518B9F2148A4A300F54B6D /* IbankerTableModel.swift in Sources */,
				0F518C1C215098B800F54B6D /* RequestFile.swift in Sources */,
				0F518C14214F6D3800F54B6D /* LoginViewController.swift in Sources */,
				0F518BA72148D63F00F54B6D /* IbankerNormalTableViewCell.swift in Sources */,
				0F518B8C2146451300F54B6D /* JsonHandle.swift in Sources */,
				0F518C0B214B45F500F54B6D /* HomeViewController.swift in Sources */,
			);
			runOnlyForDeploymentPostprocessing = 0;
		};
		0F518B1521411AEE00F54B6D /* Sources */ = {
			isa = PBXSourcesBuildPhase;
			buildActionMask = 2147483647;
			files = (
				0F518B1E21411AEE00F54B6D /* IBankerSwiftTests.swift in Sources */,
			);
			runOnlyForDeploymentPostprocessing = 0;
		};
		0F518B2021411AEE00F54B6D /* Sources */ = {
			isa = PBXSourcesBuildPhase;
			buildActionMask = 2147483647;
			files = (
				0F518B2921411AEE00F54B6D /* IBankerSwiftUITests.swift in Sources */,
			);
			runOnlyForDeploymentPostprocessing = 0;
		};
/* End PBXSourcesBuildPhase section */

/* Begin PBXTargetDependency section */
		0F518B1B21411AEE00F54B6D /* PBXTargetDependency */ = {
			isa = PBXTargetDependency;
			target = 0F518B0421411AEB00F54B6D /* IBankerSwift */;
			targetProxy = 0F518B1A21411AEE00F54B6D /* PBXContainerItemProxy */;
		};
		0F518B2621411AEE00F54B6D /* PBXTargetDependency */ = {
			isa = PBXTargetDependency;
			target = 0F518B0421411AEB00F54B6D /* IBankerSwift */;
			targetProxy = 0F518B2521411AEE00F54B6D /* PBXContainerItemProxy */;
		};
/* End PBXTargetDependency section */

/* Begin PBXVariantGroup section */
		0F518B0C21411AEB00F54B6D /* Main.storyboard */ = {
			isa = PBXVariantGroup;
			children = (
				0F518B0D21411AEB00F54B6D /* Base */,
			);
			name = Main.storyboard;
			sourceTree = "<group>";
		};
		0F518B1121411AEE00F54B6D /* LaunchScreen.storyboard */ = {
			isa = PBXVariantGroup;
			children = (
				0F518B1221411AEE00F54B6D /* Base */,
			);
			name = LaunchScreen.storyboard;
			sourceTree = "<group>";
		};
/* End PBXVariantGroup section */

/* Begin XCBuildConfiguration section */
		0F518B2B21411AEE00F54B6D /* Debug */ = {
			isa = XCBuildConfiguration;
			buildSettings = {
				ALWAYS_SEARCH_USER_PATHS = NO;
				CLANG_ANALYZER_NONNULL = YES;
				CLANG_ANALYZER_NUMBER_OBJECT_CONVERSION = YES_AGGRESSIVE;
				CLANG_CXX_LANGUAGE_STANDARD = "gnu++14";
				CLANG_CXX_LIBRARY = "libc++";
				CLANG_ENABLE_MODULES = YES;
				CLANG_ENABLE_OBJC_ARC = YES;
				CLANG_ENABLE_OBJC_WEAK = YES;
				CLANG_WARN_BLOCK_CAPTURE_AUTORELEASING = YES;
				CLANG_WARN_BOOL_CONVERSION = YES;
				CLANG_WARN_COMMA = YES;
				CLANG_WARN_CONSTANT_CONVERSION = YES;
				CLANG_WARN_DEPRECATED_OBJC_IMPLEMENTATIONS = YES;
				CLANG_WARN_DIRECT_OBJC_ISA_USAGE = YES_ERROR;
				CLANG_WARN_DOCUMENTATION_COMMENTS = YES;
				CLANG_WARN_EMPTY_BODY = YES;
				CLANG_WARN_ENUM_CONVERSION = YES;
				CLANG_WARN_INFINITE_RECURSION = YES;
				CLANG_WARN_INT_CONVERSION = YES;
				CLANG_WARN_NON_LITERAL_NULL_CONVERSION = YES;
				CLANG_WARN_OBJC_IMPLICIT_RETAIN_SELF = YES;
				CLANG_WARN_OBJC_LITERAL_CONVERSION = YES;
				CLANG_WARN_OBJC_ROOT_CLASS = YES_ERROR;
				CLANG_WARN_RANGE_LOOP_ANALYSIS = YES;
				CLANG_WARN_STRICT_PROTOTYPES = YES;
				CLANG_WARN_SUSPICIOUS_MOVE = YES;
				CLANG_WARN_UNGUARDED_AVAILABILITY = YES_AGGRESSIVE;
				CLANG_WARN_UNREACHABLE_CODE = YES;
				CLANG_WARN__DUPLICATE_METHOD_MATCH = YES;
				CODE_SIGN_IDENTITY = "iPhone Developer";
				COPY_PHASE_STRIP = NO;
				DEBUG_INFORMATION_FORMAT = dwarf;
				ENABLE_STRICT_OBJC_MSGSEND = YES;
				ENABLE_TESTABILITY = YES;
				GCC_C_LANGUAGE_STANDARD = gnu11;
				GCC_DYNAMIC_NO_PIC = NO;
				GCC_NO_COMMON_BLOCKS = YES;
				GCC_OPTIMIZATION_LEVEL = 0;
				GCC_PREPROCESSOR_DEFINITIONS = (
					"DEBUG=1",
					"$(inherited)",
				);
				GCC_WARN_64_TO_32_BIT_CONVERSION = YES;
				GCC_WARN_ABOUT_RETURN_TYPE = YES_ERROR;
				GCC_WARN_UNDECLARED_SELECTOR = YES;
				GCC_WARN_UNINITIALIZED_AUTOS = YES_AGGRESSIVE;
				GCC_WARN_UNUSED_FUNCTION = YES;
				GCC_WARN_UNUSED_VARIABLE = YES;
				IPHONEOS_DEPLOYMENT_TARGET = 11.4;
				MTL_ENABLE_DEBUG_INFO = YES;
				ONLY_ACTIVE_ARCH = YES;
				SDKROOT = iphoneos;
				SWIFT_ACTIVE_COMPILATION_CONDITIONS = DEBUG;
				SWIFT_OPTIMIZATION_LEVEL = "-Onone";
			};
			name = Debug;
		};
		0F518B2C21411AEE00F54B6D /* Release */ = {
			isa = XCBuildConfiguration;
			buildSettings = {
				ALWAYS_SEARCH_USER_PATHS = NO;
				CLANG_ANALYZER_NONNULL = YES;
				CLANG_ANALYZER_NUMBER_OBJECT_CONVERSION = YES_AGGRESSIVE;
				CLANG_CXX_LANGUAGE_STANDARD = "gnu++14";
				CLANG_CXX_LIBRARY = "libc++";
				CLANG_ENABLE_MODULES = YES;
				CLANG_ENABLE_OBJC_ARC = YES;
				CLANG_ENABLE_OBJC_WEAK = YES;
				CLANG_WARN_BLOCK_CAPTURE_AUTORELEASING = YES;
				CLANG_WARN_BOOL_CONVERSION = YES;
				CLANG_WARN_COMMA = YES;
				CLANG_WARN_CONSTANT_CONVERSION = YES;
				CLANG_WARN_DEPRECATED_OBJC_IMPLEMENTATIONS = YES;
				CLANG_WARN_DIRECT_OBJC_ISA_USAGE = YES_ERROR;
				CLANG_WARN_DOCUMENTATION_COMMENTS = YES;
				CLANG_WARN_EMPTY_BODY = YES;
				CLANG_WARN_ENUM_CONVERSION = YES;
				CLANG_WARN_INFINITE_RECURSION = YES;
				CLANG_WARN_INT_CONVERSION = YES;
				CLANG_WARN_NON_LITERAL_NULL_CONVERSION = YES;
				CLANG_WARN_OBJC_IMPLICIT_RETAIN_SELF = YES;
				CLANG_WARN_OBJC_LITERAL_CONVERSION = YES;
				CLANG_WARN_OBJC_ROOT_CLASS = YES_ERROR;
				CLANG_WARN_RANGE_LOOP_ANALYSIS = YES;
				CLANG_WARN_STRICT_PROTOTYPES = YES;
				CLANG_WARN_SUSPICIOUS_MOVE = YES;
				CLANG_WARN_UNGUARDED_AVAILABILITY = YES_AGGRESSIVE;
				CLANG_WARN_UNREACHABLE_CODE = YES;
				CLANG_WARN__DUPLICATE_METHOD_MATCH = YES;
				CODE_SIGN_IDENTITY = "iPhone Developer";
				COPY_PHASE_STRIP = NO;
				DEBUG_INFORMATION_FORMAT = "dwarf-with-dsym";
				ENABLE_NS_ASSERTIONS = NO;
				ENABLE_STRICT_OBJC_MSGSEND = YES;
				GCC_C_LANGUAGE_STANDARD = gnu11;
				GCC_NO_COMMON_BLOCKS = YES;
				GCC_WARN_64_TO_32_BIT_CONVERSION = YES;
				GCC_WARN_ABOUT_RETURN_TYPE = YES_ERROR;
				GCC_WARN_UNDECLARED_SELECTOR = YES;
				GCC_WARN_UNINITIALIZED_AUTOS = YES_AGGRESSIVE;
				GCC_WARN_UNUSED_FUNCTION = YES;
				GCC_WARN_UNUSED_VARIABLE = YES;
				IPHONEOS_DEPLOYMENT_TARGET = 11.4;
				MTL_ENABLE_DEBUG_INFO = NO;
				SDKROOT = iphoneos;
				SWIFT_OPTIMIZATION_LEVEL = "-Owholemodule";
				VALIDATE_PRODUCT = YES;
			};
			name = Release;
		};
		0F518B2E21411AEE00F54B6D /* Debug */ = {
			isa = XCBuildConfiguration;
			baseConfigurationReference = 73D0245AB5623170AA71D8CA /* Pods-IBankerSwift.debug.xcconfig */;
			buildSettings = {
				ASSETCATALOG_COMPILER_APPICON_NAME = AppIcon;
				ASSETCATALOG_COMPILER_LAUNCHIMAGE_NAME = LaunchImage;
				CODE_SIGN_STYLE = Automatic;
				DEVELOPMENT_TEAM = 2XCAM3QBAF;
				INFOPLIST_FILE = IBankerSwift/Info.plist;
				IPHONEOS_DEPLOYMENT_TARGET = 8.0;
				LD_RUNPATH_SEARCH_PATHS = "$(inherited) @executable_path/Frameworks";
				PRODUCT_BUNDLE_IDENTIFIER = com.cyh.learnswift.IBankerSwift1;
				PRODUCT_NAME = "$(TARGET_NAME)";
				SWIFT_OBJC_BRIDGING_HEADER = "IBankerSwift/Common/Swift-Bridge-Objective-C.h";
				SWIFT_VERSION = 4.0;
				TARGETED_DEVICE_FAMILY = "1,2";
				USER_HEADER_SEARCH_PATHS = "$(PODS_ROOT)/**";
			};
			name = Debug;
		};
		0F518B2F21411AEE00F54B6D /* Release */ = {
			isa = XCBuildConfiguration;
			baseConfigurationReference = 7522CC2D0459640FF7A21FEE /* Pods-IBankerSwift.release.xcconfig */;
			buildSettings = {
				ASSETCATALOG_COMPILER_APPICON_NAME = AppIcon;
				ASSETCATALOG_COMPILER_LAUNCHIMAGE_NAME = LaunchImage;
				CODE_SIGN_STYLE = Automatic;
				DEVELOPMENT_TEAM = 2XCAM3QBAF;
				INFOPLIST_FILE = IBankerSwift/Info.plist;
				IPHONEOS_DEPLOYMENT_TARGET = 8.0;
				LD_RUNPATH_SEARCH_PATHS = "$(inherited) @executable_path/Frameworks";
				PRODUCT_BUNDLE_IDENTIFIER = com.cyh.learnswift.IBankerSwift1;
				PRODUCT_NAME = "$(TARGET_NAME)";
				SWIFT_OBJC_BRIDGING_HEADER = "IBankerSwift/Common/Swift-Bridge-Objective-C.h";
				SWIFT_VERSION = 4.0;
				TARGETED_DEVICE_FAMILY = "1,2";
				USER_HEADER_SEARCH_PATHS = "$(PODS_ROOT)/**";
			};
			name = Release;
		};
		0F518B3121411AEE00F54B6D /* Debug */ = {
			isa = XCBuildConfiguration;
			baseConfigurationReference = 399221F87CE24E5B31F06826 /* Pods-IBankerSwiftTests.debug.xcconfig */;
			buildSettings = {
				ALWAYS_EMBED_SWIFT_STANDARD_LIBRARIES = YES;
				BUNDLE_LOADER = "$(TEST_HOST)";
				CODE_SIGN_STYLE = Automatic;
				DEVELOPMENT_TEAM = 2XCAM3QBAF;
				INFOPLIST_FILE = IBankerSwiftTests/Info.plist;
				LD_RUNPATH_SEARCH_PATHS = "$(inherited) @executable_path/Frameworks @loader_path/Frameworks";
				PRODUCT_BUNDLE_IDENTIFIER = com.cyh.learnswift.IBankerSwiftTests;
				PRODUCT_NAME = "$(TARGET_NAME)";
				SWIFT_VERSION = 4.0;
				TARGETED_DEVICE_FAMILY = "1,2";
				TEST_HOST = "$(BUILT_PRODUCTS_DIR)/IBankerSwift.app/IBankerSwift";
			};
			name = Debug;
		};
		0F518B3221411AEE00F54B6D /* Release */ = {
			isa = XCBuildConfiguration;
			baseConfigurationReference = 4E5C305FD75FF775EE633F3E /* Pods-IBankerSwiftTests.release.xcconfig */;
			buildSettings = {
				ALWAYS_EMBED_SWIFT_STANDARD_LIBRARIES = YES;
				BUNDLE_LOADER = "$(TEST_HOST)";
				CODE_SIGN_STYLE = Automatic;
				DEVELOPMENT_TEAM = 2XCAM3QBAF;
				INFOPLIST_FILE = IBankerSwiftTests/Info.plist;
				LD_RUNPATH_SEARCH_PATHS = "$(inherited) @executable_path/Frameworks @loader_path/Frameworks";
				PRODUCT_BUNDLE_IDENTIFIER = com.cyh.learnswift.IBankerSwiftTests;
				PRODUCT_NAME = "$(TARGET_NAME)";
				SWIFT_VERSION = 4.0;
				TARGETED_DEVICE_FAMILY = "1,2";
				TEST_HOST = "$(BUILT_PRODUCTS_DIR)/IBankerSwift.app/IBankerSwift";
			};
			name = Release;
		};
		0F518B3421411AEE00F54B6D /* Debug */ = {
			isa = XCBuildConfiguration;
			baseConfigurationReference = A5A72BB4F58AF1AEFCF7F26B /* Pods-IBankerSwiftUITests.debug.xcconfig */;
			buildSettings = {
				ALWAYS_EMBED_SWIFT_STANDARD_LIBRARIES = YES;
				CODE_SIGN_STYLE = Automatic;
				DEVELOPMENT_TEAM = 2XCAM3QBAF;
				INFOPLIST_FILE = IBankerSwiftUITests/Info.plist;
				LD_RUNPATH_SEARCH_PATHS = "$(inherited) @executable_path/Frameworks @loader_path/Frameworks";
				PRODUCT_BUNDLE_IDENTIFIER = com.cyh.learnswift.IBankerSwiftUITests;
				PRODUCT_NAME = "$(TARGET_NAME)";
				SWIFT_VERSION = 4.0;
				TARGETED_DEVICE_FAMILY = "1,2";
				TEST_TARGET_NAME = IBankerSwift;
			};
			name = Debug;
		};
		0F518B3521411AEE00F54B6D /* Release */ = {
			isa = XCBuildConfiguration;
			baseConfigurationReference = 0758A281BD9BE876612250E8 /* Pods-IBankerSwiftUITests.release.xcconfig */;
			buildSettings = {
				ALWAYS_EMBED_SWIFT_STANDARD_LIBRARIES = YES;
				CODE_SIGN_STYLE = Automatic;
				DEVELOPMENT_TEAM = 2XCAM3QBAF;
				INFOPLIST_FILE = IBankerSwiftUITests/Info.plist;
				LD_RUNPATH_SEARCH_PATHS = "$(inherited) @executable_path/Frameworks @loader_path/Frameworks";
				PRODUCT_BUNDLE_IDENTIFIER = com.cyh.learnswift.IBankerSwiftUITests;
				PRODUCT_NAME = "$(TARGET_NAME)";
				SWIFT_VERSION = 4.0;
				TARGETED_DEVICE_FAMILY = "1,2";
				TEST_TARGET_NAME = IBankerSwift;
			};
			name = Release;
		};
/* End XCBuildConfiguration section */

/* Begin XCConfigurationList section */
		0F518B0021411AEB00F54B6D /* Build configuration list for PBXProject "IBankerSwift" */ = {
			isa = XCConfigurationList;
			buildConfigurations = (
				0F518B2B21411AEE00F54B6D /* Debug */,
				0F518B2C21411AEE00F54B6D /* Release */,
			);
			defaultConfigurationIsVisible = 0;
			defaultConfigurationName = Release;
		};
		0F518B2D21411AEE00F54B6D /* Build configuration list for PBXNativeTarget "IBankerSwift" */ = {
			isa = XCConfigurationList;
			buildConfigurations = (
				0F518B2E21411AEE00F54B6D /* Debug */,
				0F518B2F21411AEE00F54B6D /* Release */,
			);
			defaultConfigurationIsVisible = 0;
			defaultConfigurationName = Release;
		};
		0F518B3021411AEE00F54B6D /* Build configuration list for PBXNativeTarget "IBankerSwiftTests" */ = {
			isa = XCConfigurationList;
			buildConfigurations = (
				0F518B3121411AEE00F54B6D /* Debug */,
				0F518B3221411AEE00F54B6D /* Release */,
			);
			defaultConfigurationIsVisible = 0;
			defaultConfigurationName = Release;
		};
		0F518B3321411AEE00F54B6D /* Build configuration list for PBXNativeTarget "IBankerSwiftUITests" */ = {
			isa = XCConfigurationList;
			buildConfigurations = (
				0F518B3421411AEE00F54B6D /* Debug */,
				0F518B3521411AEE00F54B6D /* Release */,
			);
			defaultConfigurationIsVisible = 0;
			defaultConfigurationName = Release;
		};
/* End XCConfigurationList section */
	};
	rootObject = 0F518AFD21411AEB00F54B6D /* Project object */;
}
